
Microsoft Visual Studio Solution File, Format Version 12.00
# Visual Studio Version 16
VisualStudioVersion = 16.0.30128.74
MinimumVisualStudioVersion = 10.0.40219.1
Project("{FAE04EC0-301F-11D3-BF4B-00C04F79EFBC}") = "MvcMovie", "MvcMovie\MvcMovie.csproj", "{8BE001BA-3920-42D7-A6EF-AA5E9D214E07}"
EndProject
Global
	GlobalSection(SolutionConfigurationPlatforms) = preSolution
		Debug|Any CPU = Debug|Any CPU
		Release|Any CPU = Release|Any CPU
	EndGlobalSection
	GlobalSection(ProjectConfigurationPlatforms) = postSolution
		{8BE001BA-3920-42D7-A6EF-AA5E9D214E07}.Debug|Any CPU.ActiveCfg = Debug|Any CPU
		{8BE001BA-3920-42D7-A6EF-AA5E9D214E07}.Debug|Any CPU.Build.0 = Debug|Any CPU
		{8BE001BA-3920-42D7-A6EF-AA5E9D214E07}.Release|Any CPU.ActiveCfg = Release|Any CPU
		{8BE001BA-3920-42D7-A6EF-AA5E9D214E07}.Release|Any CPU.Build.0 = Release|Any CPU
	EndGlobalSection
	GlobalSection(SolutionProperties) = preSolution
		HideSolutionNode = FALSE
	EndGlobalSection
	GlobalSection(ExtensibilityGlobals) = postSolution
		SolutionGuid = {4F81A474-8CC2-4364-A934-546DD03E70B3}
	EndGlobalSection
EndGlobal
